{
    "_readme": [
        "This file locks the dependencies of your project to a known state",
        "Read more about it at https://getcomposer.org/doc/01-basic-usage.md#composer-lock-the-lock-file",
        "This file is @generated automatically"
    ],
    "hash": "ce94c77bad4a1a27c4c67cfdf5ccde72",
    "content-hash": "592b0011d64aa2a11bd22b5002e5e409",
    "packages": [],
    "packages-dev": [
        {
            "name": "bootstrap/bootstrapCSS",
            "version": "4.0.0",
            "dist": {
                "type": "file",
                "url": "https://maxcdn.bootstrapcdn.com/bootstrap/4.0.0/css/bootstrap.min.css",
                "reference": null,
                "shasum": null
            },
            "type": "library"
        },
        {
            "name": "bootstrap/bootstrapJS",
            "version": "4.0.0",
            "dist": {
                "type": "file",
                "url": "https://maxcdn.bootstrapcdn.com/bootstrap/4.0.0/js/bootstrap.min.js",
                "reference": null,
                "shasum": null
            },
            "type": "library"
        },
        {
            "name": "jquery/jquery",
            "version": "1.11.1",
            "dist": {
                "type": "file",
                "url": "https://code.jquery.com/jquery-1.11.1.min.js",
                "reference": null,
                "shasum": null
            },
            "type": "library"
        }
    ],
    "aliases": [],
    "minimum-stability": "stable",
    "stability-flags": [],
    "prefer-stable": false,
    "prefer-lowest": false,
    "platform": [],
    "platform-dev": []
}
